
Microsoft Visual Studio Solution File, Format Version 12.00
# Visual Studio Version 17
VisualStudioVersion = 17.4.33213.308
MinimumVisualStudioVersion = 10.0.40219.1
Project("{FAE04EC0-301F-11D3-BF4B-00C04F79EFBC}") = "VariablesSesion004", "VariablesSesion004\VariablesSesion004.csproj", "{BEB37D62-6924-4350-87AC-3B493CB96BE0}"
EndProject
Global
	GlobalSection(SolutionConfigurationPlatforms) = preSolution
		Debug|Any CPU = Debug|Any CPU
		Release|Any CPU = Release|Any CPU
	EndGlobalSection
	GlobalSection(ProjectConfigurationPlatforms) = postSolution
		{BEB37D62-6924-4350-87AC-3B493CB96BE0}.Debug|Any CPU.ActiveCfg = Debug|Any CPU
		{BEB37D62-6924-4350-87AC-3B493CB96BE0}.Debug|Any CPU.Build.0 = Debug|Any CPU
		{BEB37D62-6924-4350-87AC-3B493CB96BE0}.Release|Any CPU.ActiveCfg = Release|Any CPU
		{BEB37D62-6924-4350-87AC-3B493CB96BE0}.Release|Any CPU.Build.0 = Release|Any CPU
	EndGlobalSection
	GlobalSection(SolutionProperties) = preSolution
		HideSolutionNode = FALSE
	EndGlobalSection
	GlobalSection(ExtensibilityGlobals) = postSolution
		SolutionGuid = {A913C578-7914-4E76-82B7-AC5EB001A021}
	EndGlobalSection
EndGlobal
